// !$*UTF8*$!
{
	archiveVersion = 1;
	classes = {
	};
	objectVersion = 50;
	objects = {

/* Begin PBXBuildFile section */
		80B05CBF21013346007CE370 /* AppDelegate.swift in Sources */ = {isa = PBXBuildFile; fileRef = 80B05CBE21013346007CE370 /* AppDelegate.swift */; };
		80B05CC121013346007CE370 /* ViewController.swift in Sources */ = {isa = PBXBuildFile; fileRef = 80B05CC021013346007CE370 /* ViewController.swift */; };
		80B05CC421013346007CE370 /* Main.storyboard in Resources */ = {isa = PBXBuildFile; fileRef = 80B05CC221013346007CE370 /* Main.storyboard */; };
		80B05CC621013347007CE370 /* Assets.xcassets in Resources */ = {isa = PBXBuildFile; fileRef = 80B05CC521013347007CE370 /* Assets.xcassets */; };
		80B05CC921013347007CE370 /* LaunchScreen.storyboard in Resources */ = {isa = PBXBuildFile; fileRef = 80B05CC721013347007CE370 /* LaunchScreen.storyboard */; };
		80B05CD421013347007CE370 /* quizTests.swift in Sources */ = {isa = PBXBuildFile; fileRef = 80B05CD321013347007CE370 /* quizTests.swift */; };
		80B05CDF21013347007CE370 /* quizUITests.swift in Sources */ = {isa = PBXBuildFile; fileRef = 80B05CDE21013347007CE370 /* quizUITests.swift */; };
/* End PBXBuildFile section */

/* Begin PBXContainerItemProxy section */
		80B05CD021013347007CE370 /* PBXContainerItemProxy */ = {
			isa = PBXContainerItemProxy;
			containerPortal = 80B05CB321013346007CE370 /* Project object */;
			proxyType = 1;
			remoteGlobalIDString = 80B05CBA21013346007CE370;
			remoteInfo = quiz;
		};
		80B05CDB21013347007CE370 /* PBXContainerItemProxy */ = {
			isa = PBXContainerItemProxy;
			containerPortal = 80B05CB321013346007CE370 /* Project object */;
			proxyType = 1;
			remoteGlobalIDString = 80B05CBA21013346007CE370;
			remoteInfo = quiz;
		};
/* End PBXContainerItemProxy section */

/* Begin PBXFileReference section */
		80B05CBB21013346007CE370 /* quiz.app */ = {isa = PBXFileReference; explicitFileType = wrapper.application; includeInIndex = 0; path = quiz.app; sourceTree = BUILT_PRODUCTS_DIR; };
		80B05CBE21013346007CE370 /* AppDelegate.swift */ = {isa = PBXFileReference; lastKnownFileType = sourcecode.swift; path = AppDelegate.swift; sourceTree = "<group>"; };
		80B05CC021013346007CE370 /* ViewController.swift */ = {isa = PBXFileReference; lastKnownFileType = sourcecode.swift; path = ViewController.swift; sourceTree = "<group>"; };
		80B05CC321013346007CE370 /* Base */ = {isa = PBXFileReference; lastKnownFileType = file.storyboard; name = Base; path = Base.lproj/Main.storyboard; sourceTree = "<group>"; };
		80B05CC521013347007CE370 /* Assets.xcassets */ = {isa = PBXFileReference; lastKnownFileType = folder.assetcatalog; path = Assets.xcassets; sourceTree = "<group>"; };
		80B05CC821013347007CE370 /* Base */ = {isa = PBXFileReference; lastKnownFileType = file.storyboard; name = Base; path = Base.lproj/LaunchScreen.storyboard; sourceTree = "<group>"; };
		80B05CCA21013347007CE370 /* Info.plist */ = {isa = PBXFileReference; lastKnownFileType = text.plist.xml; path = Info.plist; sourceTree = "<group>"; };
		80B05CCF21013347007CE370 /* quizTests.xctest */ = {isa = PBXFileReference; explicitFileType = wrapper.cfbundle; includeInIndex = 0; path = quizTests.xctest; sourceTree = BUILT_PRODUCTS_DIR; };
		80B05CD321013347007CE370 /* quizTests.swift */ = {isa = PBXFileReference; lastKnownFileType = sourcecode.swift; path = quizTests.swift; sourceTree = "<group>"; };
		80B05CD521013347007CE370 /* Info.plist */ = {isa = PBXFileReference; lastKnownFileType = text.plist.xml; path = Info.plist; sourceTree = "<group>"; };
		80B05CDA21013347007CE370 /* quizUITests.xctest */ = {isa = PBXFileReference; explicitFileType = wrapper.cfbundle; includeInIndex = 0; path = quizUITests.xctest; sourceTree = BUILT_PRODUCTS_DIR; };
		80B05CDE21013347007CE370 /* quizUITests.swift */ = {isa = PBXFileReference; lastKnownFileType = sourcecode.swift; path = quizUITests.swift; sourceTree = "<group>"; };
		80B05CE021013347007CE370 /* Info.plist */ = {isa = PBXFileReference; lastKnownFileType = text.plist.xml; path = Info.plist; sourceTree = "<group>"; };
/* End PBXFileReference section */

/* Begin PBXFrameworksBuildPhase section */
		80B05CB821013346007CE370 /* Frameworks */ = {
			isa = PBXFrameworksBuildPhase;
			buildActionMask = 2147483647;
			files = (
			);
			runOnlyForDeploymentPostprocessing = 0;
		};
		80B05CCC21013347007CE370 /* Frameworks */ = {
			isa = PBXFrameworksBuildPhase;
			buildActionMask = 2147483647;
			files = (
			);
			runOnlyForDeploymentPostprocessing = 0;
		};
		80B05CD721013347007CE370 /* Frameworks */ = {
			isa = PBXFrameworksBuildPhase;
			buildActionMask = 2147483647;
			files = (
			);
			runOnlyForDeploymentPostprocessing = 0;
		};
/* End PBXFrameworksBuildPhase section */

/* Begin PBXGroup section */
		80B05CB221013346007CE370 = {
			isa = PBXGroup;
			children = (
				80B05CBD21013346007CE370 /* quiz */,
				80B05CD221013347007CE370 /* quizTests */,
				80B05CDD21013347007CE370 /* quizUITests */,
				80B05CBC21013346007CE370 /* Products */,
			);
			sourceTree = "<group>";
		};
		80B05CBC21013346007CE370 /* Products */ = {
			isa = PBXGroup;
			children = (
				80B05CBB21013346007CE370 /* quiz.app */,
				80B05CCF21013347007CE370 /* quizTests.xctest */,
				80B05CDA21013347007CE370 /* quizUITests.xctest */,
			);
			name = Products;
			sourceTree = "<group>";
		};
		80B05CBD21013346007CE370 /* quiz */ = {
			isa = PBXGroup;
			children = (
				80B05CBE21013346007CE370 /* AppDelegate.swift */,
				80B05CC021013346007CE370 /* ViewController.swift */,
				80B05CC221013346007CE370 /* Main.storyboard */,
				80B05CC521013347007CE370 /* Assets.xcassets */,
				80B05CC721013347007CE370 /* LaunchScreen.storyboard */,
				80B05CCA21013347007CE370 /* Info.plist */,
			);
			path = quiz;
			sourceTree = "<group>";
		};
		80B05CD221013347007CE370 /* quizTests */ = {
			isa = PBXGroup;
			children = (
				80B05CD321013347007CE370 /* quizTests.swift */,
				80B05CD521013347007CE370 /* Info.plist */,
			);
			path = quizTests;
			sourceTree = "<group>";
		};
		80B05CDD21013347007CE370 /* quizUITests */ = {
			isa = PBXGroup;
			children = (
				80B05CDE21013347007CE370 /* quizUITests.swift */,
				80B05CE021013347007CE370 /* Info.plist */,
			);
			path = quizUITests;
			sourceTree = "<group>";
		};
/* End PBXGroup section */

/* Begin PBXNativeTarget section */
		80B05CBA21013346007CE370 /* quiz */ = {
			isa = PBXNativeTarget;
			buildConfigurationList = 80B05CE321013347007CE370 /* Build configuration list for PBXNativeTarget "quiz" */;
			buildPhases = (
				80B05CB721013346007CE370 /* Sources */,
				80B05CB821013346007CE370 /* Frameworks */,
				80B05CB921013346007CE370 /* Resources */,
			);
			buildRules = (
			);
			dependencies = (
			);
			name = quiz;
			productName = quiz;
			productReference = 80B05CBB21013346007CE370 /* quiz.app */;
			productType = "com.apple.product-type.application";
		};
		80B05CCE21013347007CE370 /* quizTests */ = {
			isa = PBXNativeTarget;
			buildConfigurationList = 80B05CE621013347007CE370 /* Build configuration list for PBXNativeTarget "quizTests" */;
			buildPhases = (
				80B05CCB21013347007CE370 /* Sources */,
				80B05CCC21013347007CE370 /* Frameworks */,
				80B05CCD21013347007CE370 /* Resources */,
			);
			buildRules = (
			);
			dependencies = (
				80B05CD121013347007CE370 /* PBXTargetDependency */,
			);
			name = quizTests;
			productName = quizTests;
			productReference = 80B05CCF21013347007CE370 /* quizTests.xctest */;
			productType = "com.apple.product-type.bundle.unit-test";
		};
		80B05CD921013347007CE370 /* quizUITests */ = {
			isa = PBXNativeTarget;
			buildConfigurationList = 80B05CE921013347007CE370 /* Build configuration list for PBXNativeTarget "quizUITests" */;
			buildPhases = (
				80B05CD621013347007CE370 /* Sources */,
				80B05CD721013347007CE370 /* Frameworks */,
				80B05CD821013347007CE370 /* Resources */,
			);
			buildRules = (
			);
			dependencies = (
				80B05CDC21013347007CE370 /* PBXTargetDependency */,
			);
			name = quizUITests;
			productName = quizUITests;
			productReference = 80B05CDA21013347007CE370 /* quizUITests.xctest */;
			productType = "com.apple.product-type.bundle.ui-testing";
		};
/* End PBXNativeTarget section */

/* Begin PBXProject section */
		80B05CB321013346007CE370 /* Project object */ = {
			isa = PBXProject;
			attributes = {
				LastSwiftUpdateCheck = 0940;
				LastUpgradeCheck = 0940;
				ORGANIZATIONNAME = bnr;
				TargetAttributes = {
					80B05CBA21013346007CE370 = {
						CreatedOnToolsVersion = 9.4.1;
					};
					80B05CCE21013347007CE370 = {
						CreatedOnToolsVersion = 9.4.1;
						TestTargetID = 80B05CBA21013346007CE370;
					};
					80B05CD921013347007CE370 = {
						CreatedOnToolsVersion = 9.4.1;
						TestTargetID = 80B05CBA21013346007CE370;
					};
				};
			};
			buildConfigurationList = 80B05CB621013346007CE370 /* Build configuration list for PBXProject "quiz" */;
			compatibilityVersion = "Xcode 9.3";
			developmentRegion = en;
			hasScannedForEncodings = 0;
			knownRegions = (
				en,
				Base,
			);
			mainGroup = 80B05CB221013346007CE370;
			productRefGroup = 80B05CBC21013346007CE370 /* Products */;
			projectDirPath = "";
			projectRoot = "";
			targets = (
				80B05CBA21013346007CE370 /* quiz */,
				80B05CCE21013347007CE370 /* quizTests */,
				80B05CD921013347007CE370 /* quizUITests */,
			);
		};
/* End PBXProject section */

/* Begin PBXResourcesBuildPhase section */
		80B05CB921013346007CE370 /* Resources */ = {
			isa = PBXResourcesBuildPhase;
			buildActionMask = 2147483647;
			files = (
				80B05CC921013347007CE370 /* LaunchScreen.storyboard in Resources */,
				80B05CC621013347007CE370 /* Assets.xcassets in Resources */,
				80B05CC421013346007CE370 /* Main.storyboard in Resources */,
			);
			runOnlyForDeploymentPostprocessing = 0;
		};
		80B05CCD21013347007CE370 /* Resources */ = {
			isa = PBXResourcesBuildPhase;
			buildActionMask = 2147483647;
			files = (
			);
			runOnlyForDeploymentPostprocessing = 0;
		};
		80B05CD821013347007CE370 /* Resources */ = {
			isa = PBXResourcesBuildPhase;
			buildActionMask = 2147483647;
			files = (
			);
			runOnlyForDeploymentPostprocessing = 0;
		};
/* End PBXResourcesBuildPhase section */

/* Begin PBXSourcesBuildPhase section */
		80B05CB721013346007CE370 /* Sources */ = {
			isa = PBXSourcesBuildPhase;
			buildActionMask = 2147483647;
			files = (
				80B05CC121013346007CE370 /* ViewController.swift in Sources */,
				80B05CBF21013346007CE370 /* AppDelegate.swift in Sources */,
			);
			runOnlyForDeploymentPostprocessing = 0;
		};
		80B05CCB21013347007CE370 /* Sources */ = {
			isa = PBXSourcesBuildPhase;
			buildActionMask = 2147483647;
			files = (
				80B05CD421013347007CE370 /* quizTests.swift in Sources */,
			);
			runOnlyForDeploymentPostprocessing = 0;
		};
		80B05CD621013347007CE370 /* Sources */ = {
			isa = PBXSourcesBuildPhase;
			buildActionMask = 2147483647;
			files = (
				80B05CDF21013347007CE370 /* quizUITests.swift in Sources */,
			);
			runOnlyForDeploymentPostprocessing = 0;
		};
/* End PBXSourcesBuildPhase section */

/* Begin PBXTargetDependency section */
		80B05CD121013347007CE370 /* PBXTargetDependency */ = {
			isa = PBXTargetDependency;
			target = 80B05CBA21013346007CE370 /* quiz */;
			targetProxy = 80B05CD021013347007CE370 /* PBXContainerItemProxy */;
		};
		80B05CDC21013347007CE370 /* PBXTargetDependency */ = {
			isa = PBXTargetDependency;
			target = 80B05CBA21013346007CE370 /* quiz */;
			targetProxy = 80B05CDB21013347007CE370 /* PBXContainerItemProxy */;
		};
/* End PBXTargetDependency section */

/* Begin PBXVariantGroup section */
		80B05CC221013346007CE370 /* Main.storyboard */ = {
			isa = PBXVariantGroup;
			children = (
				80B05CC321013346007CE370 /* Base */,
			);
			name = Main.storyboard;
			sourceTree = "<group>";
		};
		80B05CC721013347007CE370 /* LaunchScreen.storyboard */ = {
			isa = PBXVariantGroup;
			children = (
				80B05CC821013347007CE370 /* Base */,
			);
			name = LaunchScreen.storyboard;
			sourceTree = "<group>";
		};
/* End PBXVariantGroup section */

/* Begin XCBuildConfiguration section */
		80B05CE121013347007CE370 /* Debug */ = {
			isa = XCBuildConfiguration;
			buildSettings = {
				ALWAYS_SEARCH_USER_PATHS = NO;
				CLANG_ANALYZER_NONNULL = YES;
				CLANG_ANALYZER_NUMBER_OBJECT_CONVERSION = YES_AGGRESSIVE;
				CLANG_CXX_LANGUAGE_STANDARD = "gnu++14";
				CLANG_CXX_LIBRARY = "libc++";
				CLANG_ENABLE_MODULES = YES;
				CLANG_ENABLE_OBJC_ARC = YES;
				CLANG_ENABLE_OBJC_WEAK = YES;
				CLANG_WARN_BLOCK_CAPTURE_AUTORELEASING = YES;
				CLANG_WARN_BOOL_CONVERSION = YES;
				CLANG_WARN_COMMA = YES;
				CLANG_WARN_CONSTANT_CONVERSION = YES;
				CLANG_WARN_DEPRECATED_OBJC_IMPLEMENTATIONS = YES;
				CLANG_WARN_DIRECT_OBJC_ISA_USAGE = YES_ERROR;
				CLANG_WARN_DOCUMENTATION_COMMENTS = YES;
				CLANG_WARN_EMPTY_BODY = YES;
				CLANG_WARN_ENUM_CONVERSION = YES;
				CLANG_WARN_INFINITE_RECURSION = YES;
				CLANG_WARN_INT_CONVERSION = YES;
				CLANG_WARN_NON_LITERAL_NULL_CONVERSION = YES;
				CLANG_WARN_OBJC_IMPLICIT_RETAIN_SELF = YES;
				CLANG_WARN_OBJC_LITERAL_CONVERSION = YES;
				CLANG_WARN_OBJC_ROOT_CLASS = YES_ERROR;
				CLANG_WARN_RANGE_LOOP_ANALYSIS = YES;
				CLANG_WARN_STRICT_PROTOTYPES = YES;
				CLANG_WARN_SUSPICIOUS_MOVE = YES;
				CLANG_WARN_UNGUARDED_AVAILABILITY = YES_AGGRESSIVE;
				CLANG_WARN_UNREACHABLE_CODE = YES;
				CLANG_WARN__DUPLICATE_METHOD_MATCH = YES;
				CODE_SIGN_IDENTITY = "iPhone Developer";
				COPY_PHASE_STRIP = NO;
				DEBUG_INFORMATION_FORMAT = dwarf;
				ENABLE_STRICT_OBJC_MSGSEND = YES;
				ENABLE_TESTABILITY = YES;
				GCC_C_LANGUAGE_STANDARD = gnu11;
				GCC_DYNAMIC_NO_PIC = NO;
				GCC_NO_COMMON_BLOCKS = YES;
				GCC_OPTIMIZATION_LEVEL = 0;
				GCC_PREPROCESSOR_DEFINITIONS = (
					"DEBUG=1",
					"$(inherited)",
				);
				GCC_WARN_64_TO_32_BIT_CONVERSION = YES;
				GCC_WARN_ABOUT_RETURN_TYPE = YES_ERROR;
				GCC_WARN_UNDECLARED_SELECTOR = YES;
				GCC_WARN_UNINITIALIZED_AUTOS = YES_AGGRESSIVE;
				GCC_WARN_UNUSED_FUNCTION = YES;
				GCC_WARN_UNUSED_VARIABLE = YES;
				IPHONEOS_DEPLOYMENT_TARGET = 11.4;
				MTL_ENABLE_DEBUG_INFO = YES;
				ONLY_ACTIVE_ARCH = YES;
				SDKROOT = iphoneos;
				SWIFT_ACTIVE_COMPILATION_CONDITIONS = DEBUG;
				SWIFT_OPTIMIZATION_LEVEL = "-Onone";
			};
			name = Debug;
		};
		80B05CE221013347007CE370 /* Release */ = {
			isa = XCBuildConfiguration;
			buildSettings = {
				ALWAYS_SEARCH_USER_PATHS = NO;
				CLANG_ANALYZER_NONNULL = YES;
				CLANG_ANALYZER_NUMBER_OBJECT_CONVERSION = YES_AGGRESSIVE;
				CLANG_CXX_LANGUAGE_STANDARD = "gnu++14";
				CLANG_CXX_LIBRARY = "libc++";
				CLANG_ENABLE_MODULES = YES;
				CLANG_ENABLE_OBJC_ARC = YES;
				CLANG_ENABLE_OBJC_WEAK = YES;
				CLANG_WARN_BLOCK_CAPTURE_AUTORELEASING = YES;
				CLANG_WARN_BOOL_CONVERSION = YES;
				CLANG_WARN_COMMA = YES;
				CLANG_WARN_CONSTANT_CONVERSION = YES;
				CLANG_WARN_DEPRECATED_OBJC_IMPLEMENTATIONS = YES;
				CLANG_WARN_DIRECT_OBJC_ISA_USAGE = YES_ERROR;
				CLANG_WARN_DOCUMENTATION_COMMENTS = YES;
				CLANG_WARN_EMPTY_BODY = YES;
				CLANG_WARN_ENUM_CONVERSION = YES;
				CLANG_WARN_INFINITE_RECURSION = YES;
				CLANG_WARN_INT_CONVERSION = YES;
				CLANG_WARN_NON_LITERAL_NULL_CONVERSION = YES;
				CLANG_WARN_OBJC_IMPLICIT_RETAIN_SELF = YES;
				CLANG_WARN_OBJC_LITERAL_CONVERSION = YES;
				CLANG_WARN_OBJC_ROOT_CLASS = YES_ERROR;
				CLANG_WARN_RANGE_LOOP_ANALYSIS = YES;
				CLANG_WARN_STRICT_PROTOTYPES = YES;
				CLANG_WARN_SUSPICIOUS_MOVE = YES;
				CLANG_WARN_UNGUARDED_AVAILABILITY = YES_AGGRESSIVE;
				CLANG_WARN_UNREACHABLE_CODE = YES;
				CLANG_WARN__DUPLICATE_METHOD_MATCH = YES;
				CODE_SIGN_IDENTITY = "iPhone Developer";
				COPY_PHASE_STRIP = NO;
				DEBUG_INFORMATION_FORMAT = "dwarf-with-dsym";
				ENABLE_NS_ASSERTIONS = NO;
				ENABLE_STRICT_OBJC_MSGSEND = YES;
				GCC_C_LANGUAGE_STANDARD = gnu11;
				GCC_NO_COMMON_BLOCKS = YES;
				GCC_WARN_64_TO_32_BIT_CONVERSION = YES;
				GCC_WARN_ABOUT_RETURN_TYPE = YES_ERROR;
				GCC_WARN_UNDECLARED_SELECTOR = YES;
				GCC_WARN_UNINITIALIZED_AUTOS = YES_AGGRESSIVE;
				GCC_WARN_UNUSED_FUNCTION = YES;
				GCC_WARN_UNUSED_VARIABLE = YES;
				IPHONEOS_DEPLOYMENT_TARGET = 11.4;
				MTL_ENABLE_DEBUG_INFO = NO;
				SDKROOT = iphoneos;
				SWIFT_COMPILATION_MODE = wholemodule;
				SWIFT_OPTIMIZATION_LEVEL = "-O";
				VALIDATE_PRODUCT = YES;
			};
			name = Release;
		};
		80B05CE421013347007CE370 /* Debug */ = {
			isa = XCBuildConfiguration;
			buildSettings = {
				ASSETCATALOG_COMPILER_APPICON_NAME = AppIcon;
				CODE_SIGN_STYLE = Automatic;
				INFOPLIST_FILE = quiz/Info.plist;
				LD_RUNPATH_SEARCH_PATHS = (
					"$(inherited)",
					"@executable_path/Frameworks",
				);
				PRODUCT_BUNDLE_IDENTIFIER = bnr.quiz;
				PRODUCT_NAME = "$(TARGET_NAME)";
				SWIFT_VERSION = 4.0;
				TARGETED_DEVICE_FAMILY = "1,2";
			};
			name = Debug;
		};
		80B05CE521013347007CE370 /* Release */ = {
			isa = XCBuildConfiguration;
			buildSettings = {
				ASSETCATALOG_COMPILER_APPICON_NAME = AppIcon;
				CODE_SIGN_STYLE = Automatic;
				INFOPLIST_FILE = quiz/Info.plist;
				LD_RUNPATH_SEARCH_PATHS = (
					"$(inherited)",
					"@executable_path/Frameworks",
				);
				PRODUCT_BUNDLE_IDENTIFIER = bnr.quiz;
				PRODUCT_NAME = "$(TARGET_NAME)";
				SWIFT_VERSION = 4.0;
				TARGETED_DEVICE_FAMILY = "1,2";
			};
			name = Release;
		};
		80B05CE721013347007CE370 /* Debug */ = {
			isa = XCBuildConfiguration;
			buildSettings = {
				ALWAYS_EMBED_SWIFT_STANDARD_LIBRARIES = YES;
				BUNDLE_LOADER = "$(TEST_HOST)";
				CODE_SIGN_STYLE = Automatic;
				INFOPLIST_FILE = quizTests/Info.plist;
				LD_RUNPATH_SEARCH_PATHS = (
					"$(inherited)",
					"@executable_path/Frameworks",
					"@loader_path/Frameworks",
				);
				PRODUCT_BUNDLE_IDENTIFIER = bnr.quizTests;
				PRODUCT_NAME = "$(TARGET_NAME)";
				SWIFT_VERSION = 4.0;
				TARGETED_DEVICE_FAMILY = "1,2";
				TEST_HOST = "$(BUILT_PRODUCTS_DIR)/quiz.app/quiz";
			};
			name = Debug;
		};
		80B05CE821013347007CE370 /* Release */ = {
			isa = XCBuildConfiguration;
			buildSettings = {
				ALWAYS_EMBED_SWIFT_STANDARD_LIBRARIES = YES;
				BUNDLE_LOADER = "$(TEST_HOST)";
				CODE_SIGN_STYLE = Automatic;
				INFOPLIST_FILE = quizTests/Info.plist;
				LD_RUNPATH_SEARCH_PATHS = (
					"$(inherited)",
					"@executable_path/Frameworks",
					"@loader_path/Frameworks",
				);
				PRODUCT_BUNDLE_IDENTIFIER = bnr.quizTests;
				PRODUCT_NAME = "$(TARGET_NAME)";
				SWIFT_VERSION = 4.0;
				TARGETED_DEVICE_FAMILY = "1,2";
				TEST_HOST = "$(BUILT_PRODUCTS_DIR)/quiz.app/quiz";
			};
			name = Release;
		};
		80B05CEA21013347007CE370 /* Debug */ = {
			isa = XCBuildConfiguration;
			buildSettings = {
				ALWAYS_EMBED_SWIFT_STANDARD_LIBRARIES = YES;
				CODE_SIGN_STYLE = Automatic;
				INFOPLIST_FILE = quizUITests/Info.plist;
				LD_RUNPATH_SEARCH_PATHS = (
					"$(inherited)",
					"@executable_path/Frameworks",
					"@loader_path/Frameworks",
				);
				PRODUCT_BUNDLE_IDENTIFIER = bnr.quizUITests;
				PRODUCT_NAME = "$(TARGET_NAME)";
				SWIFT_VERSION = 4.0;
				TARGETED_DEVICE_FAMILY = "1,2";
				TEST_TARGET_NAME = quiz;
			};
			name = Debug;
		};
		80B05CEB21013347007CE370 /* Release */ = {
			isa = XCBuildConfiguration;
			buildSettings = {
				ALWAYS_EMBED_SWIFT_STANDARD_LIBRARIES = YES;
				CODE_SIGN_STYLE = Automatic;
				INFOPLIST_FILE = quizUITests/Info.plist;
				LD_RUNPATH_SEARCH_PATHS = (
					"$(inherited)",
					"@executable_path/Frameworks",
					"@loader_path/Frameworks",
				);
				PRODUCT_BUNDLE_IDENTIFIER = bnr.quizUITests;
				PRODUCT_NAME = "$(TARGET_NAME)";
				SWIFT_VERSION = 4.0;
				TARGETED_DEVICE_FAMILY = "1,2";
				TEST_TARGET_NAME = quiz;
			};
			name = Release;
		};
/* End XCBuildConfiguration section */

/* Begin XCConfigurationList section */
		80B05CB621013346007CE370 /* Build configuration list for PBXProject "quiz" */ = {
			isa = XCConfigurationList;
			buildConfigurations = (
				80B05CE121013347007CE370 /* Debug */,
				80B05CE221013347007CE370 /* Release */,
			);
			defaultConfigurationIsVisible = 0;
			defaultConfigurationName = Release;
		};
		80B05CE321013347007CE370 /* Build configuration list for PBXNativeTarget "quiz" */ = {
			isa = XCConfigurationList;
			buildConfigurations = (
				80B05CE421013347007CE370 /* Debug */,
				80B05CE521013347007CE370 /* Release */,
			);
			defaultConfigurationIsVisible = 0;
			defaultConfigurationName = Release;
		};
		80B05CE621013347007CE370 /* Build configuration list for PBXNativeTarget "quizTests" */ = {
			isa = XCConfigurationList;
			buildConfigurations = (
				80B05CE721013347007CE370 /* Debug */,
				80B05CE821013347007CE370 /* Release */,
			);
			defaultConfigurationIsVisible = 0;
			defaultConfigurationName = Release;
		};
		80B05CE921013347007CE370 /* Build configuration list for PBXNativeTarget "quizUITests" */ = {
			isa = XCConfigurationList;
			buildConfigurations = (
				80B05CEA21013347007CE370 /* Debug */,
				80B05CEB21013347007CE370 /* Release */,
			);
			defaultConfigurationIsVisible = 0;
			defaultConfigurationName = Release;
		};
/* End XCConfigurationList section */
	};
	rootObject = 80B05CB321013346007CE370 /* Project object */;
}
